
Microsoft Visual Studio Solution File, Format Version 12.00
# Visual Studio Version 16
VisualStudioVersion = 16.0.30011.22
MinimumVisualStudioVersion = 10.0.40219.1
Project("{FAE04EC0-301F-11D3-BF4B-00C04F79EFBC}") = "PaypalGateWayAPI", "PaypalGateWayAPI\PaypalGateWayAPI.csproj", "{34B09751-387C-4304-B6D9-07D353A00620}"
EndProject
Global
	GlobalSection(SolutionConfigurationPlatforms) = preSolution
		Debug|Any CPU = Debug|Any CPU
		Release|Any CPU = Release|Any CPU
	EndGlobalSection
	GlobalSection(ProjectConfigurationPlatforms) = postSolution
		{34B09751-387C-4304-B6D9-07D353A00620}.Debug|Any CPU.ActiveCfg = Debug|Any CPU
		{34B09751-387C-4304-B6D9-07D353A00620}.Debug|Any CPU.Build.0 = Debug|Any CPU
		{34B09751-387C-4304-B6D9-07D353A00620}.Release|Any CPU.ActiveCfg = Release|Any CPU
		{34B09751-387C-4304-B6D9-07D353A00620}.Release|Any CPU.Build.0 = Release|Any CPU
	EndGlobalSection
	GlobalSection(SolutionProperties) = preSolution
		HideSolutionNode = FALSE
	EndGlobalSection
	GlobalSection(ExtensibilityGlobals) = postSolution
		SolutionGuid = {E8D39DB9-285E-4CF8-AFD0-489204631235}
	EndGlobalSection
EndGlobal
